<?xml version="1.0" encoding="UTF-8" standalone="yes" ?>
<CodeBlocks_project_file>
	<FileVersion major="1" minor="6" />
	<Project>
		<Option title="mixmod_mvc" />
		<Option pch_mode="2" />
		<Option compiler="gcc" />
		<Build>
			<Target title="Debug">
				<Option output="bin\Debug\mixmod_mvc" prefix_auto="1" extension_auto="1" />
				<Option object_output="obj\Debug\" />
				<Option type="3" />
				<Option compiler="gcc" />
				<Option createDefFile="1" />
				<Option createStaticLib="1" />
				<Compiler>
					<Add option="-Wall" />
					<Add option="-DBUILD_DLL" />
					<Add option="-g" />
				</Compiler>
				<Linker>
					<Add library="user32" />
				</Linker>
			</Target>
			<Target title="Release">
				<Option output="bin\Release\mixmod_mvc" prefix_auto="1" extension_auto="1" />
				<Option object_output="obj\Release\" />
				<Option type="3" />
				<Option compiler="gcc" />
				<Option createDefFile="1" />
				<Option createStaticLib="1" />
				<Compiler>
					<Add option="-Wall" />
					<Add option="-DBUILD_DLL" />
					<Add option="-O2" />
				</Compiler>
				<Linker>
					<Add option="-s" />
					<Add library="user32" />
				</Linker>
			</Target>
		</Build>
		<Unit filename="..\..\MIXMOD_MVC\XEMMVCControler.cpp" />
		<Unit filename="..\..\MIXMOD_MVC\XEMMVCControler.h" />
		<Unit filename="..\..\MIXMOD_MVC\XEMMVCEvent.cpp" />
		<Unit filename="..\..\MIXMOD_MVC\XEMMVCEvent.h" />
		<Unit filename="..\..\MIXMOD_MVC\XEMMVCEventMixmodDisplay.cpp" />
		<Unit filename="..\..\MIXMOD_MVC\XEMMVCEventMixmodDisplay.h" />
		<Unit filename="..\..\MIXMOD_MVC\XEMMVCEventMixmodDisplayCenter.cpp" />
		<Unit filename="..\..\MIXMOD_MVC\XEMMVCEventMixmodDisplayCenter.h" />
		<Unit filename="..\..\MIXMOD_MVC\XEMMVCEventMixmodDisplayDispersion.cpp" />
		<Unit filename="..\..\MIXMOD_MVC\XEMMVCEventMixmodDisplayDispersion.h" />
		<Unit filename="..\..\MIXMOD_MVC\XEMMVCEventMixmodDisplayDispersionData.cpp" />
		<Unit filename="..\..\MIXMOD_MVC\XEMMVCEventMixmodDisplayDispersionData.h" />
		<Unit filename="..\..\MIXMOD_MVC\XEMMVCEventMixmodDisplayEpsilon.cpp" />
		<Unit filename="..\..\MIXMOD_MVC\XEMMVCEventMixmodDisplayEpsilon.h" />
		<Unit filename="..\..\MIXMOD_MVC\XEMMVCEventMixmodDisplayEpsilonInit.cpp" />
		<Unit filename="..\..\MIXMOD_MVC\XEMMVCEventMixmodDisplayEpsilonInit.h" />
		<Unit filename="..\..\MIXMOD_MVC\XEMMVCEventMixmodDisplayInitParam.cpp" />
		<Unit filename="..\..\MIXMOD_MVC\XEMMVCEventMixmodDisplayInitParam.h" />
		<Unit filename="..\..\MIXMOD_MVC\XEMMVCEventMixmodDisplayInitPart.cpp" />
		<Unit filename="..\..\MIXMOD_MVC\XEMMVCEventMixmodDisplayInitPart.h" />
		<Unit filename="..\..\MIXMOD_MVC\XEMMVCEventMixmodDisplayInsertedAlgoName.cpp" />
		<Unit filename="..\..\MIXMOD_MVC\XEMMVCEventMixmodDisplayInsertedAlgoName.h" />
		<Unit filename="..\..\MIXMOD_MVC\XEMMVCEventMixmodDisplayIteration.cpp" />
		<Unit filename="..\..\MIXMOD_MVC\XEMMVCEventMixmodDisplayIteration.h" />
		<Unit filename="..\..\MIXMOD_MVC\XEMMVCEventMixmodDisplayKnownPartition.cpp" />
		<Unit filename="..\..\MIXMOD_MVC\XEMMVCEventMixmodDisplayKnownPartition.h" />
		<Unit filename="..\..\MIXMOD_MVC\XEMMVCEventMixmodDisplayKnownPartitionSample.cpp" />
		<Unit filename="..\..\MIXMOD_MVC\XEMMVCEventMixmodDisplayKnownPartitionSample.h" />
		<Unit filename="..\..\MIXMOD_MVC\XEMMVCEventMixmodDisplayNbIterationInit.cpp" />
		<Unit filename="..\..\MIXMOD_MVC\XEMMVCEventMixmodDisplayNbIterationInit.h" />
		<Unit filename="..\..\MIXMOD_MVC\XEMMVCEventMixmodDisplayNbStrategyTry.cpp" />
		<Unit filename="..\..\MIXMOD_MVC\XEMMVCEventMixmodDisplayNbStrategyTry.h" />
		<Unit filename="..\..\MIXMOD_MVC\XEMMVCEventMixmodDisplayNbTryInit.cpp" />
		<Unit filename="..\..\MIXMOD_MVC\XEMMVCEventMixmodDisplayNbTryInit.h" />
		<Unit filename="..\..\MIXMOD_MVC\XEMMVCEventMixmodDisplayProportion.cpp" />
		<Unit filename="..\..\MIXMOD_MVC\XEMMVCEventMixmodDisplayProportion.h" />
		<Unit filename="..\..\MIXMOD_MVC\XEMMVCEventMixmodDisplayScatter.cpp" />
		<Unit filename="..\..\MIXMOD_MVC\XEMMVCEventMixmodDisplayScatter.h" />
		<Unit filename="..\..\MIXMOD_MVC\XEMMVCEventMixmodDisplaySubDim.cpp" />
		<Unit filename="..\..\MIXMOD_MVC\XEMMVCEventMixmodDisplaySubDim.h" />
		<Unit filename="..\..\MIXMOD_MVC\XEMMVCEventMixmodDisplayWeight.cpp" />
		<Unit filename="..\..\MIXMOD_MVC\XEMMVCEventMixmodDisplayWeight.h" />
		<Unit filename="..\..\MIXMOD_MVC\XEMMVCEventMixmodDisplayWeightChild.cpp" />
		<Unit filename="..\..\MIXMOD_MVC\XEMMVCEventMixmodDisplayWeightChild.h" />
		<Unit filename="..\..\MIXMOD_MVC\XEMMVCEventMixmodError.cpp" />
		<Unit filename="..\..\MIXMOD_MVC\XEMMVCEventMixmodError.h" />
		<Unit filename="..\..\MIXMOD_MVC\XEMMVCEventMixmodErrorInitPart.cpp" />
		<Unit filename="..\..\MIXMOD_MVC\XEMMVCEventMixmodErrorInitPart.h" />
		<Unit filename="..\..\MIXMOD_MVC\XEMMVCEventMixmodErrorKnownPartition.cpp" />
		<Unit filename="..\..\MIXMOD_MVC\XEMMVCEventMixmodErrorKnownPartition.h" />
		<Unit filename="..\..\MIXMOD_MVC\XEMMVCEventMixmodErrorWeight.cpp" />
		<Unit filename="..\..\MIXMOD_MVC\XEMMVCEventMixmodErrorWeight.h" />
		<Unit filename="..\..\MIXMOD_MVC\XEMMVCEventMixmodInsertAkj.cpp" />
		<Unit filename="..\..\MIXMOD_MVC\XEMMVCEventMixmodInsertAkj.h" />
		<Unit filename="..\..\MIXMOD_MVC\XEMMVCEventMixmodInsertAlgo.cpp" />
		<Unit filename="..\..\MIXMOD_MVC\XEMMVCEventMixmodInsertAlgo.h" />
		<Unit filename="..\..\MIXMOD_MVC\XEMMVCEventMixmodInsertBk.cpp" />
		<Unit filename="..\..\MIXMOD_MVC\XEMMVCEventMixmodInsertCenter.h" />
		<Unit filename="..\..\MIXMOD_MVC\XEMMVCEventMixmodInsertDimension.cpp" />
		<Unit filename="..\..\MIXMOD_MVC\XEMMVCEventMixmodInsertDimension.h" />
		<Unit filename="..\..\MIXMOD_MVC\XEMMVCEventMixmodInsertDispersion.cpp" />
		<Unit filename="..\..\MIXMOD_MVC\XEMMVCEventMixmodInsertDispersion.h" />
		<Unit filename="..\..\MIXMOD_MVC\XEMMVCEventMixmodInsertInitParam.cpp" />
		<Unit filename="..\..\MIXMOD_MVC\XEMMVCEventMixmodInsertInitParam.h" />
		<Unit filename="..\..\MIXMOD_MVC\XEMMVCEventMixmodInsertInitParamBinary.cpp" />
		<Unit filename="..\..\MIXMOD_MVC\XEMMVCEventMixmodInsertInitParamBinary.h" />
		<Unit filename="..\..\MIXMOD_MVC\XEMMVCEventMixmodInsertInitParamChild.cpp" />
		<Unit filename="..\..\MIXMOD_MVC\XEMMVCEventMixmodInsertInitParamChild.h" />
		<Unit filename="..\..\MIXMOD_MVC\XEMMVCEventMixmodInsertInitParamHD.cpp" />
		<Unit filename="..\..\MIXMOD_MVC\XEMMVCEventMixmodInsertInitParamHD.h" />
		<Unit filename="..\..\MIXMOD_MVC\XEMMVCEventMixmodInsertInitPartition.cpp" />
		<Unit filename="..\..\MIXMOD_MVC\XEMMVCEventMixmodInsertInitPartition.h" />
		<Unit filename="..\..\MIXMOD_MVC\XEMMVCEventMixmodInsertInitPartitionSample.cpp" />
		<Unit filename="..\..\MIXMOD_MVC\XEMMVCEventMixmodInsertInitPartitionSample.h" />
		<Unit filename="..\..\MIXMOD_MVC\XEMMVCEventMixmodInsertKnownPartition.cpp" />
		<Unit filename="..\..\MIXMOD_MVC\XEMMVCEventMixmodInsertKnownPartition.h" />
		<Unit filename="..\..\MIXMOD_MVC\XEMMVCEventMixmodInsertModel.cpp" />
		<Unit filename="..\..\MIXMOD_MVC\XEMMVCEventMixmodInsertModel.h" />
		<Unit filename="..\..\MIXMOD_MVC\XEMMVCEventMixmodInsertOrientation.cpp" />
		<Unit filename="..\..\MIXMOD_MVC\XEMMVCEventMixmodInsertOrientation.h" />
		<Unit filename="..\..\MIXMOD_MVC\XEMMVCEventMixmodInsertProportion.cpp" />
		<Unit filename="..\..\MIXMOD_MVC\XEMMVCEventMixmodInsertProportion.h" />
		<Unit filename="..\..\MIXMOD_MVC\XEMMVCEventMixmodInsertStopRuleInit.cpp" />
		<Unit filename="..\..\MIXMOD_MVC\XEMMVCEventMixmodInsertStopRuleInit.h" />
		<Unit filename="..\..\MIXMOD_MVC\XEMMVCEventMixmodInsertStopRuleValue.cpp" />
		<Unit filename="..\..\MIXMOD_MVC\XEMMVCEventMixmodInsertStopRuleValue.h" />
		<Unit filename="..\..\MIXMOD_MVC\XEMMVCEventMixmodInsertSubDim.cpp" />
		<Unit filename="..\..\MIXMOD_MVC\XEMMVCEventMixmodInsertSubDim.h" />
		<Unit filename="..\..\MIXMOD_MVC\XEMMVCEventMixmodSetInitName.cpp" />
		<Unit filename="..\..\MIXMOD_MVC\XEMMVCEventMixmodSetInitName.h" />
		<Unit filename="..\..\MIXMOD_MVC\XEMMVCEventMixmodSetModelChild.cpp" />
		<Unit filename="..\..\MIXMOD_MVC\XEMMVCEventMixmodSetModelChild.h" />
		<Unit filename="..\..\MIXMOD_MVC\XEMMVCEventMixmodSetStopRuleValue.cpp" />
		<Unit filename="..\..\MIXMOD_MVC\XEMMVCEventMixmodSetStopRuleValue.h" />
		<Unit filename="..\..\MIXMOD_MVC\XEMMVCEventUserInsertAlgo.cpp" />
		<Unit filename="..\..\MIXMOD_MVC\XEMMVCEventUserInsertAlgo.h" />
		<Unit filename="..\..\MIXMOD_MVC\XEMMVCEventUserInsertCriterion.cpp" />
		<Unit filename="..\..\MIXMOD_MVC\XEMMVCEventUserInsertCriterion.h" />
		<Unit filename="..\..\MIXMOD_MVC\XEMMVCEventUserInsertKnownPartition.cpp" />
		<Unit filename="..\..\MIXMOD_MVC\XEMMVCEventUserInsertKnownPartition.h" />
		<Unit filename="..\..\MIXMOD_MVC\XEMMVCEventUserInsertModel.cpp" />
		<Unit filename="..\..\MIXMOD_MVC\XEMMVCEventUserInsertModel.h" />
		<Unit filename="..\..\MIXMOD_MVC\XEMMVCEventUserInsertNbStrategyTry.cpp" />
		<Unit filename="..\..\MIXMOD_MVC\XEMMVCEventUserInsertNbStrategyTry.h" />
		<Unit filename="..\..\MIXMOD_MVC\XEMMVCEventUserInsertParamInInit.cpp" />
		<Unit filename="..\..\MIXMOD_MVC\XEMMVCEventUserInsertParamInInit.h" />
		<Unit filename="..\..\MIXMOD_MVC\XEMMVCEventUserInsertStopRule.cpp" />
		<Unit filename="..\..\MIXMOD_MVC\XEMMVCEventUserInsertStopRule.h" />
		<Unit filename="..\..\MIXMOD_MVC\XEMMVCEventUserInsertWeight.cpp" />
		<Unit filename="..\..\MIXMOD_MVC\XEMMVCEventUserInsertWeight.h" />
		<Unit filename="..\..\MIXMOD_MVC\XEMMVCEventUserRemoveAlgo.cpp" />
		<Unit filename="..\..\MIXMOD_MVC\XEMMVCEventUserRemoveAlgo.h" />
		<Unit filename="..\..\MIXMOD_MVC\XEMMVCEventUserRemoveCriterion.cpp" />
		<Unit filename="..\..\MIXMOD_MVC\XEMMVCEventUserRemoveCriterion.h" />
		<Unit filename="..\..\MIXMOD_MVC\XEMMVCEventUserRemoveEpsilon.cpp" />
		<Unit filename="..\..\MIXMOD_MVC\XEMMVCEventUserRemoveEpsilon.h" />
		<Unit filename="..\..\MIXMOD_MVC\XEMMVCEventUserRemoveKnownPartition.cpp" />
		<Unit filename="..\..\MIXMOD_MVC\XEMMVCEventUserRemoveKnownPartition.h" />
		<Unit filename="..\..\MIXMOD_MVC\XEMMVCEventUserRemoveModel.cpp" />
		<Unit filename="..\..\MIXMOD_MVC\XEMMVCEventUserRemoveModel.h" />
		<Unit filename="..\..\MIXMOD_MVC\XEMMVCEventUserRemoveNbIteration.cpp" />
		<Unit filename="..\..\MIXMOD_MVC\XEMMVCEventUserRemoveNbIteration.h" />
		<Unit filename="..\..\MIXMOD_MVC\XEMMVCEventUserRemoveNbStrategyTry.cpp" />
		<Unit filename="..\..\MIXMOD_MVC\XEMMVCEventUserRemoveNbStrategyTry.h" />
		<Unit filename="..\..\MIXMOD_MVC\XEMMVCEventUserRemoveParamInInit.cpp" />
		<Unit filename="..\..\MIXMOD_MVC\XEMMVCEventUserRemoveParamInInit.h" />
		<Unit filename="..\..\MIXMOD_MVC\XEMMVCEventUserRemoveWeight.cpp" />
		<Unit filename="..\..\MIXMOD_MVC\XEMMVCEventUserRemoveWeight.h" />
		<Unit filename="..\..\MIXMOD_MVC\XEMMVCEventUserSetAlgoName.cpp" />
		<Unit filename="..\..\MIXMOD_MVC\XEMMVCEventUserSetAlgoName.h" />
		<Unit filename="..\..\MIXMOD_MVC\XEMMVCEventUserSetAlgoStopName.cpp" />
		<Unit filename="..\..\MIXMOD_MVC\XEMMVCEventUserSetAlgoStopName.h" />
		<Unit filename="..\..\MIXMOD_MVC\XEMMVCEventUserSetCriterionChild.cpp" />
		<Unit filename="..\..\MIXMOD_MVC\XEMMVCEventUserSetCriterionChild.h" />
		<Unit filename="..\..\MIXMOD_MVC\XEMMVCEventUserSetEpsilon.cpp" />
		<Unit filename="..\..\MIXMOD_MVC\XEMMVCEventUserSetEpsilon.h" />
		<Unit filename="..\..\MIXMOD_MVC\XEMMVCEventUserSetInitName.cpp" />
		<Unit filename="..\..\MIXMOD_MVC\XEMMVCEventUserSetInitName.h" />
		<Unit filename="..\..\MIXMOD_MVC\XEMMVCEventUserSetInitParam.cpp" />
		<Unit filename="..\..\MIXMOD_MVC\XEMMVCEventUserSetInitParam.h" />
		<Unit filename="..\..\MIXMOD_MVC\XEMMVCEventUserSetInitPart.cpp" />
		<Unit filename="..\..\MIXMOD_MVC\XEMMVCEventUserSetInitPart.h" />
		<Unit filename="..\..\MIXMOD_MVC\XEMMVCEventUserSetKnownPartition.cpp" />
		<Unit filename="..\..\MIXMOD_MVC\XEMMVCEventUserSetKnownPartition.h" />
		<Unit filename="..\..\MIXMOD_MVC\XEMMVCEventUserSetModelChild.cpp" />
		<Unit filename="..\..\MIXMOD_MVC\XEMMVCEventUserSetModelChild.h" />
		<Unit filename="..\..\MIXMOD_MVC\XEMMVCEventUserSetNbIteration.cpp" />
		<Unit filename="..\..\MIXMOD_MVC\XEMMVCEventUserSetNbIteration.h" />
		<Unit filename="..\..\MIXMOD_MVC\XEMMVCEventUserSetNbIterationInit.cpp" />
		<Unit filename="..\..\MIXMOD_MVC\XEMMVCEventUserSetNbIterationInit.h" />
		<Unit filename="..\..\MIXMOD_MVC\XEMMVCEventUserSetNbStrategyTry.cpp" />
		<Unit filename="..\..\MIXMOD_MVC\XEMMVCEventUserSetNbStrategyTry.h" />
		<Unit filename="..\..\MIXMOD_MVC\XEMMVCEventUserSetNbTryInit.cpp" />
		<Unit filename="..\..\MIXMOD_MVC\XEMMVCEventUserSetNbTryInit.h" />
		<Unit filename="..\..\MIXMOD_MVC\XEMMVCEventUserSetStopRuleInit.cpp" />
		<Unit filename="..\..\MIXMOD_MVC\XEMMVCEventUserSetStopRuleInit.h" />
		<Unit filename="..\..\MIXMOD_MVC\XEMMVCEventUserSetSubDim.cpp" />
		<Unit filename="..\..\MIXMOD_MVC\XEMMVCEventUserSetSubDim.h" />
		<Unit filename="..\..\MIXMOD_MVC\XEMMVCEventUserSetWeight.cpp" />
		<Unit filename="..\..\MIXMOD_MVC\XEMMVCEventUserSetWeight.h" />
		<Unit filename="..\..\MIXMOD_MVC\XEMMVCMatrix.cpp" />
		<Unit filename="..\..\MIXMOD_MVC\XEMMVCMatrix.h" />
		<Unit filename="..\..\MIXMOD_MVC\XEMMVCModel.cpp" />
		<Unit filename="..\..\MIXMOD_MVC\XEMMVCModel.h" />
		<Unit filename="..\..\MIXMOD_MVC\XEMMVCModelItem.cpp" />
		<Unit filename="..\..\MIXMOD_MVC\XEMMVCModelItem.h" />
		<Unit filename="..\..\MIXMOD_MVC\XEMMVCModelItemAkj.cpp" />
		<Unit filename="..\..\MIXMOD_MVC\XEMMVCModelItemAkj.h" />
		<Unit filename="..\..\MIXMOD_MVC\XEMMVCModelItemAlgo.cpp" />
		<Unit filename="..\..\MIXMOD_MVC\XEMMVCModelItemAlgo.h" />
		<Unit filename="..\..\MIXMOD_MVC\XEMMVCModelItemAlgoName.cpp" />
		<Unit filename="..\..\MIXMOD_MVC\XEMMVCModelItemAlgoName.h" />
		<Unit filename="..\..\MIXMOD_MVC\XEMMVCModelItemAlgoStopRule.cpp" />
		<Unit filename="..\..\MIXMOD_MVC\XEMMVCModelItemAlgoStopRule.h" />
		<Unit filename="..\..\MIXMOD_MVC\XEMMVCModelItemAlgoStopValue.cpp" />
		<Unit filename="..\..\MIXMOD_MVC\XEMMVCModelItemAlgoStopValue.h" />
		<Unit filename="..\..\MIXMOD_MVC\XEMMVCModelItemCriterion.cpp" />
		<Unit filename="..\..\MIXMOD_MVC\XEMMVCModelItemCriterion.h" />
		<Unit filename="..\..\MIXMOD_MVC\XEMMVCModelItemInitCenter.cpp" />
		<Unit filename="..\..\MIXMOD_MVC\XEMMVCModelItemInitCenter.h" />
		<Unit filename="..\..\MIXMOD_MVC\XEMMVCModelItemInitDimension.cpp" />
		<Unit filename="..\..\MIXMOD_MVC\XEMMVCModelItemInitDimension.h" />
		<Unit filename="..\..\MIXMOD_MVC\XEMMVCModelItemInitDispersion.cpp" />
		<Unit filename="..\..\MIXMOD_MVC\XEMMVCModelItemInitDispersion.h" />
		<Unit filename="..\..\MIXMOD_MVC\XEMMVCModelItemInitName.cpp" />
		<Unit filename="..\..\MIXMOD_MVC\XEMMVCModelItemInitName.h" />
		<Unit filename="..\..\MIXMOD_MVC\XEMMVCModelItemInitParam.cpp" />
		<Unit filename="..\..\MIXMOD_MVC\XEMMVCModelItemInitParam.h" />
		<Unit filename="..\..\MIXMOD_MVC\XEMMVCModelItemInitParamChild.cpp" />
		<Unit filename="..\..\MIXMOD_MVC\XEMMVCModelItemInitParamChild.h" />
		<Unit filename="..\..\MIXMOD_MVC\XEMMVCModelItemInitParamChildBinary.cpp" />
		<Unit filename="..\..\MIXMOD_MVC\XEMMVCModelItemInitParamChildBinary.h" />
		<Unit filename="..\..\MIXMOD_MVC\XEMMVCModelItemInitParamChildHD.cpp" />
		<Unit filename="..\..\MIXMOD_MVC\XEMMVCModelItemInitParamChildHD.h" />
		<Unit filename="..\..\MIXMOD_MVC\XEMMVCModelItemInitPartition.cpp" />
		<Unit filename="..\..\MIXMOD_MVC\XEMMVCModelItemInitPartition.h" />
		<Unit filename="..\..\MIXMOD_MVC\XEMMVCModelItemInitProportion.cpp" />
		<Unit filename="..\..\MIXMOD_MVC\XEMMVCModelItemInitProportion.h" />
		<Unit filename="..\..\MIXMOD_MVC\XEMMVCModelItemKnownPartition.cpp" />
		<Unit filename="..\..\MIXMOD_MVC\XEMMVCModelItemKnownPartition.h" />
		<Unit filename="..\..\MIXMOD_MVC\XEMMVCModelItemKnownPartitionSample.cpp" />
		<Unit filename="..\..\MIXMOD_MVC\XEMMVCModelItemKnownPartitionSample.h" />
		<Unit filename="..\..\MIXMOD_MVC\XEMMVCModelItemModel.cpp" />
		<Unit filename="..\..\MIXMOD_MVC\XEMMVCModelItemModel.h" />
		<Unit filename="..\..\MIXMOD_MVC\XEMMVCModelItemNbStrategyTry.cpp" />
		<Unit filename="..\..\MIXMOD_MVC\XEMMVCModelItemNbStrategyTry.h" />
		<Unit filename="..\..\MIXMOD_MVC\XEMMVCModelItemOrientation.cpp" />
		<Unit filename="..\..\MIXMOD_MVC\XEMMVCModelItemOrientation.h" />
		<Unit filename="..\..\MIXMOD_MVC\XEMMVCModelItemParamInInit.cpp" />
		<Unit filename="..\..\MIXMOD_MVC\XEMMVCModelItemParamInInit.h" />
		<Unit filename="..\..\MIXMOD_MVC\XEMMVCModelItemScatter.cpp" />
		<Unit filename="..\..\MIXMOD_MVC\XEMMVCModelItemScatter.h" />
		<Unit filename="..\..\MIXMOD_MVC\XEMMVCModelItemStopRuleInit.cpp" />
		<Unit filename="..\..\MIXMOD_MVC\XEMMVCModelItemStopRuleInit.h" />
		<Unit filename="..\..\MIXMOD_MVC\XEMMVCModelItemSubDim.cpp" />
		<Unit filename="..\..\MIXMOD_MVC\XEMMVCModelItemSubDim.h" />
		<Unit filename="..\..\MIXMOD_MVC\XEMMVCModelItemWeight.cpp" />
		<Unit filename="..\..\MIXMOD_MVC\XEMMVCModelItemWeight.h" />
		<Unit filename="..\..\MIXMOD_MVC\XEMMVCMyView.cpp" />
		<Unit filename="..\..\MIXMOD_MVC\XEMMVCMyView.h" />
		<Unit filename="..\..\MIXMOD_MVC\XEMMVCNoEvent.cpp" />
		<Unit filename="..\..\MIXMOD_MVC\XEMMVCNoEvent.h" />
		<Unit filename="..\..\MIXMOD_MVC\XEMMVCNoTemplate.h" />
		<Unit filename="..\..\MIXMOD_MVC\XEMMVCScatter.cpp" />
		<Unit filename="..\..\MIXMOD_MVC\XEMMVCScatter.h" />
		<Unit filename="..\..\MIXMOD_MVC\XEMMVCStore.cpp" />
		<Unit filename="..\..\MIXMOD_MVC\XEMMVCStore.h" />
		<Unit filename="..\..\MIXMOD_MVC\XEMMVCTreeItem.cpp" />
		<Unit filename="..\..\MIXMOD_MVC\XEMMVCTreeItem.h" />
		<Unit filename="..\..\MIXMOD_MVC\XEMMVCUtil.h" />
		<Unit filename="..\..\MIXMOD_MVC\XEMMVCVector.cpp" />
		<Unit filename="..\..\MIXMOD_MVC\XEMMVCVector.h" />
		<Unit filename="..\..\MIXMOD_MVC\XEMMVCView.cpp" />
		<Unit filename="..\..\MIXMOD_MVC\XEMMVCView.h" />
		<Extensions>
			<code_completion />
			<debugger />
		</Extensions>
	</Project>
</CodeBlocks_project_file>
